
Microsoft Visual Studio Solution File, Format Version 11.00
# Visual Studio 2010
Project("{FAE04EC0-301F-11D3-BF4B-00C04F79EFBC}") = "TestReportDesigner", "TestReportDesigner\TestReportDesigner.csproj", "{EC08A9AA-33A0-4EA4-9618-DCC39A2C3970}"
EndProject
Global
	GlobalSection(SolutionConfigurationPlatforms) = preSolution
		Debug|Any CPU = Debug|Any CPU
		Release|Any CPU = Release|Any CPU
	EndGlobalSection
	GlobalSection(ProjectConfigurationPlatforms) = postSolution
		{EC08A9AA-33A0-4EA4-9618-DCC39A2C3970}.Debug|Any CPU.ActiveCfg = Debug|Any CPU
		{EC08A9AA-33A0-4EA4-9618-DCC39A2C3970}.Debug|Any CPU.Build.0 = Debug|Any CPU
		{EC08A9AA-33A0-4EA4-9618-DCC39A2C3970}.Release|Any CPU.ActiveCfg = Release|Any CPU
		{EC08A9AA-33A0-4EA4-9618-DCC39A2C3970}.Release|Any CPU.Build.0 = Release|Any CPU
	EndGlobalSection
	GlobalSection(SolutionProperties) = preSolution
		HideSolutionNode = FALSE
	EndGlobalSection
EndGlobal
